{
  "name": "2020-05-06-figma2html",
  "version": "0.3.0",
  "lockfileVersion": 1,
  "requires": true,
  "dependencies": {
    "@figma/plugin-typings": {
      "version": "1.17.1",
      "resolved": "https://registry.npmjs.org/@figma/plugin-typings/-/plugin-typings-1.17.1.tgz",
      "integrity": "sha512-333pYcJJVI2Wk1VTJq0ShvsqzwLJ9c1kNDzptcXdoGcDlAlljUV7B5rzEOIC9GkRFl1Kl/DsLOb9WzFRc+n2og==",
      "dev": true
    },
    "@types/file-saver": {
      "version": "2.0.1",
      "resolved": "https://registry.npmjs.org/@types/file-saver/-/file-saver-2.0.1.tgz",
      "integrity": "sha512-g1QUuhYVVAamfCifK7oB7G3aIl4BbOyzDOqVyUfEr4tfBKrXfeH+M+Tg7HKCXSrbzxYdhyCP7z9WbKo0R2hBCw==",
      "dev": true
    },
    "@types/pica": {
      "version": "5.1.1",
      "resolved": "https://registry.npmjs.org/@types/pica/-/pica-5.1.1.tgz",
      "integrity": "sha512-zSLdgIcZXxqamFwIuogGVM22UwStYhWhHgzXXczW3GwNAv1LZdgL0XYGaufipf/FgB2Jj5jTT0ov0v5TVYnUjA==",
      "dev": true
    },
    "@types/upng-js": {
      "version": "2.1.1",
      "resolved": "https://registry.npmjs.org/@types/upng-js/-/upng-js-2.1.1.tgz",
      "integrity": "sha512-jzQGgtmEqWJgyL5I/z3Gw7p6RjOYzF7sXQ1r/2bPa1YQ6Zvn+hTqdRm+XE3Yi6Q4f6NFmk5Xlk7hhTB0eaXaUg==",
      "dev": true
    },
    "at-least-node": {
      "version": "1.0.0",
      "resolved": "https://registry.npmjs.org/at-least-node/-/at-least-node-1.0.0.tgz",
      "integrity": "sha512-+q/t7Ekv1EDY2l6Gda6LLiX14rU9TV20Wa3ofeQmwPFZbOMo9DXrLbOjFaaclkXKWidIaopwAObQDqwWtGUjqg=="
    },
    "esbuild": {
      "version": "0.7.13",
      "resolved": "https://registry.npmjs.org/esbuild/-/esbuild-0.7.13.tgz",
      "integrity": "sha512-IHBqE0blYhBw3fSgaQOHI1hdxq5OJgzdU/Tg0FPIZyag6eHCB5I8wirz1Oyse7W+TwCcFeCxMNLhdyjzdFACcw=="
    },
    "file-saver": {
      "version": "2.0.2",
      "resolved": "https://registry.npmjs.org/file-saver/-/file-saver-2.0.2.tgz",
      "integrity": "sha512-Wz3c3XQ5xroCxd1G8b7yL0Ehkf0TC9oYC6buPFkNnU9EnaPlifeAFCyCh+iewXTyFRcg0a6j3J7FmJsIhlhBdw=="
    },
    "fs-extra": {
      "version": "9.0.1",
      "resolved": "https://registry.npmjs.org/fs-extra/-/fs-extra-9.0.1.tgz",
      "integrity": "sha512-h2iAoN838FqAFJY2/qVpzFXy+EBxfVE220PalAqQLDVsFOHLJrZvut5puAbCdNv6WJk+B8ihI+k0c7JK5erwqQ==",
      "requires": {
        "at-least-node": "^1.0.0",
        "graceful-fs": "^4.2.0",
        "jsonfile": "^6.0.1",
        "universalify": "^1.0.0"
      }
    },
    "glur": {
      "version": "1.1.2",
      "resolved": "https://registry.npmjs.org/glur/-/glur-1.1.2.tgz",
      "integrity": "sha1-8g6jbbEDv8KSNDkh8fkeg8NGdok="
    },
    "graceful-fs": {
      "version": "4.2.4",
      "resolved": "https://registry.npmjs.org/graceful-fs/-/graceful-fs-4.2.4.tgz",
      "integrity": "sha512-WjKPNJF79dtJAVniUlGGWHYGz2jWxT6VhN/4m1NdkbZ2nOsEF+cI1Edgql5zCRhs/VsQYRvrXctxktVXZUkixw=="
    },
    "inherits": {
      "version": "2.0.4",
      "resolved": "https://registry.npmjs.org/inherits/-/inherits-2.0.4.tgz",
      "integrity": "sha512-k/vGaX4/Yla3WzyMCvTQOXYeIHvqOKtnqBduzTHpzpQZzAskKMhZ2K+EnBiSM9zGSoIFeMpXKxa4dYeZIQqewQ=="
    },
    "jsonfile": {
      "version": "6.0.1",
      "resolved": "https://registry.npmjs.org/jsonfile/-/jsonfile-6.0.1.tgz",
      "integrity": "sha512-jR2b5v7d2vIOust+w3wtFKZIfpC2pnRmFAhAC/BuweZFQR8qZzxH1OyrQ10HmdVYiXWkYUqPVsz91cG7EL2FBg==",
      "requires": {
        "graceful-fs": "^4.1.6",
        "universalify": "^1.0.0"
      }
    },
    "multimath": {
      "version": "2.0.0",
      "resolved": "https://registry.npmjs.org/multimath/-/multimath-2.0.0.tgz",
      "integrity": "sha512-toRx66cAMJ+Ccz7pMIg38xSIrtnbozk0dchXezwQDMgQmbGpfxjtv68H+L00iFL8hxDaVjrmwAFSb3I6bg8Q2g==",
      "requires": {
        "glur": "^1.1.2",
        "object-assign": "^4.1.1"
      }
    },
    "object-assign": {
      "version": "4.1.1",
      "resolved": "https://registry.npmjs.org/object-assign/-/object-assign-4.1.1.tgz",
      "integrity": "sha1-IQmtx5ZYh8/AXLvUQsrIv7s2CGM="
    },
    "pako": {
      "version": "1.0.11",
      "resolved": "https://registry.npmjs.org/pako/-/pako-1.0.11.tgz",
      "integrity": "sha512-4hLB8Py4zZce5s4yd9XzopqwVv/yGNhV1Bl8NTmCq1763HeK2+EwVTv+leGeL13Dnh2wfbqowVPXCIO0z4taYw=="
    },
    "path-data-parser": {
      "version": "0.1.0",
      "resolved": "https://registry.npmjs.org/path-data-parser/-/path-data-parser-0.1.0.tgz",
      "integrity": "sha512-NOnmBpt5Y2RWbuv0LMzsayp3lVylAHLPUTut412ZA3l+C4uw4ZVkQbjShYCQ8TCpUMdPapr4YjUqLYD6v68j+w=="
    },
    "pica": {
      "version": "6.1.1",
      "resolved": "https://registry.npmjs.org/pica/-/pica-6.1.1.tgz",
      "integrity": "sha512-dmjQheDGFOl+30rQhN3NM3MyDNjeOZvco6IL3ZVYgyVDmhgvcSCGOAsydRCIaZ36mcXO7ci0XFeD+h6unEcBvA==",
      "requires": {
        "inherits": "^2.0.3",
        "multimath": "^2.0.0",
        "object-assign": "^4.1.1",
        "webworkify": "^1.5.0"
      }
    },
    "points-on-curve": {
      "version": "0.2.0",
      "resolved": "https://registry.npmjs.org/points-on-curve/-/points-on-curve-0.2.0.tgz",
      "integrity": "sha512-0mYKnYYe9ZcqMCWhUjItv/oHjvgEsfKvnUTg8sAtnHr3GVy7rGkXCb6d5cSyqrWqL4k81b9CPg3urd+T7aop3A=="
    },
    "points-on-path": {
      "version": "0.2.1",
      "resolved": "https://registry.npmjs.org/points-on-path/-/points-on-path-0.2.1.tgz",
      "integrity": "sha512-25ClnWWuw7JbWZcgqY/gJ4FQWadKxGWk+3kR/7kD0tCaDtPPMj7oHu2ToLaVhfpnHrZzYby2w6tUA0eOIuUg8g==",
      "requires": {
        "path-data-parser": "0.1.0",
        "points-on-curve": "0.2.0"
      }
    },
    "preact": {
      "version": "10.5.4",
      "resolved": "https://registry.npmjs.org/preact/-/preact-10.5.4.tgz",
      "integrity": "sha512-u0LnVtL9WWF61RLzIbEsVFOdsahoTQkQqeRwyf4eWuLMFrxTH/C47tqcnizbUH54E4KG8UzuuZaMc9KarHmpqQ=="
    },
    "preact-render-to-string": {
      "version": "5.1.10",
      "resolved": "https://registry.npmjs.org/preact-render-to-string/-/preact-render-to-string-5.1.10.tgz",
      "integrity": "sha512-40svy7NDe5Qe0ymdsIC11f0hZb05MeTSUqqIaWJ5DEFCh/sF86KcpRW0kN/ymGYDVVUCfv9qFrVuLCXR7aQxgQ==",
      "requires": {
        "pretty-format": "^3.8.0"
      }
    },
    "pretty-format": {
      "version": "3.8.0",
      "resolved": "https://registry.npmjs.org/pretty-format/-/pretty-format-3.8.0.tgz",
      "integrity": "sha1-v77VbV6ad2ZF9LH/eqGjrE+jw4U="
    },
    "universalify": {
      "version": "1.0.0",
      "resolved": "https://registry.npmjs.org/universalify/-/universalify-1.0.0.tgz",
      "integrity": "sha512-rb6X1W158d7pRQBg5gkR8uPaSfiids68LTJQYOtEUhoJUWBdaQHsuT/EUduxXYxcrt4r5PJ4fuHW1MHT6p0qug=="
    },
    "upng-js": {
      "version": "2.1.0",
      "resolved": "https://registry.npmjs.org/upng-js/-/upng-js-2.1.0.tgz",
      "integrity": "sha512-d3xzZzpMP64YkjP5pr8gNyvBt7dLk/uGI67EctzDuVp4lCZyVMo0aJO6l/VDlgbInJYDY6cnClLoBp29eKWI6g==",
      "requires": {
        "pako": "^1.0.5"
      }
    },
    "webworkify": {
      "version": "1.5.0",
      "resolved": "https://registry.npmjs.org/webworkify/-/webworkify-1.5.0.tgz",
      "integrity": "sha512-AMcUeyXAhbACL8S2hqqdqOLqvJ8ylmIbNwUIqQujRSouf4+eUFaXbG6F1Rbu+srlJMmxQWsiU7mOJi0nMBfM1g=="
    }
  }
}
