{
  "name": "2020-05-06-figma2html",
  "version": "1.0.0",
  "lockfileVersion": 1,
  "requires": true,
  "dependencies": {
    "@figma/plugin-typings": {
      "version": "1.15.0",
      "resolved": "https://registry.npmjs.org/@figma/plugin-typings/-/plugin-typings-1.15.0.tgz",
      "integrity": "sha512-Lr6QShIKlQNW9qdnneGr5+TIXH+EvapyfDvaaZHj7rACqIEslkZmH1mV4AmQHEs9FK5rqJMmKfSkNUNM2fztPg=="
    },
    "@types/file-saver": {
      "version": "2.0.1",
      "resolved": "https://registry.npmjs.org/@types/file-saver/-/file-saver-2.0.1.tgz",
      "integrity": "sha512-g1QUuhYVVAamfCifK7oB7G3aIl4BbOyzDOqVyUfEr4tfBKrXfeH+M+Tg7HKCXSrbzxYdhyCP7z9WbKo0R2hBCw==",
      "dev": true
    },
    "esbuild": {
      "version": "0.4.12",
      "resolved": "https://registry.npmjs.org/esbuild/-/esbuild-0.4.12.tgz",
      "integrity": "sha512-GzHmXpSBRlj9zYEShoPsTOQDC09cLwjDUU5da2RkZHInlhHoJxyLbYFdW1Z24SAmCNpL1ilvbREiCjl9OWCXBA=="
    },
    "file-saver": {
      "version": "2.0.2",
      "resolved": "https://registry.npmjs.org/file-saver/-/file-saver-2.0.2.tgz",
      "integrity": "sha512-Wz3c3XQ5xroCxd1G8b7yL0Ehkf0TC9oYC6buPFkNnU9EnaPlifeAFCyCh+iewXTyFRcg0a6j3J7FmJsIhlhBdw=="
    },
    "preact": {
      "version": "10.4.4",
      "resolved": "https://registry.npmjs.org/preact/-/preact-10.4.4.tgz",
      "integrity": "sha512-EaTJrerceyAPatQ+vfnadoopsMBZAOY7ak9ogVdUi5xbpR8SoHgtLryXnW+4mQOwt21icqoVR1brkU2dq7pEBA=="
    },
    "preact-render-to-string": {
      "version": "5.1.9",
      "resolved": "https://registry.npmjs.org/preact-render-to-string/-/preact-render-to-string-5.1.9.tgz",
      "integrity": "sha512-fuuZP/nBcsYvfI5Mjs8R0wVA8jPbnAsr/UQ5Y5/p9Qg4HAz9vSVJ03iejBVw4YGV8jkUCJv0++k4zwp6qjx2Kg==",
      "requires": {
        "pretty-format": "^3.8.0"
      }
    },
    "pretty-format": {
      "version": "3.8.0",
      "resolved": "https://registry.npmjs.org/pretty-format/-/pretty-format-3.8.0.tgz",
      "integrity": "sha1-v77VbV6ad2ZF9LH/eqGjrE+jw4U="
    }
  }
}
