dependencies:
  '@figma/plugin-typings': 1.15.0
  compressorjs: 1.0.6
  esbuild: 0.5.3
  file-saver: 2.0.2
  preact: 10.4.4
  preact-render-to-string: 5.1.9_preact@10.4.4
devDependencies:
  '@types/file-saver': 2.0.1
lockfileVersion: 5.1
packages:
  /@figma/plugin-typings/1.15.0:
    dev: false
    resolution:
      integrity: sha512-Lr6QShIKlQNW9qdnneGr5+TIXH+EvapyfDvaaZHj7rACqIEslkZmH1mV4AmQHEs9FK5rqJMmKfSkNUNM2fztPg==
  /@types/file-saver/2.0.1:
    dev: true
    resolution:
      integrity: sha512-g1QUuhYVVAamfCifK7oB7G3aIl4BbOyzDOqVyUfEr4tfBKrXfeH+M+Tg7HKCXSrbzxYdhyCP7z9WbKo0R2hBCw==
  /blueimp-canvas-to-blob/3.27.0:
    dev: false
    resolution:
      integrity: sha512-AcIj+hCw6WquxzJuzC6KzgYmqxLFeTWe88KuY2BEIsW1zbEOfoinDAGlhyvFNGt+U3JElkVSK7anA1FaSdmmfA==
  /compressorjs/1.0.6:
    dependencies:
      blueimp-canvas-to-blob: 3.27.0
      is-blob: 2.1.0
    dev: false
    resolution:
      integrity: sha512-HgaDx4AGCjJOyOt08JsGO9VLJIHwy8guZDU1OG2jtuz77MG8PQr+reKt5J6aYZCajVIKXsFXJreZeEmk6lXFmA==
  /esbuild/0.5.3:
    dev: false
    hasBin: true
    requiresBuild: true
    resolution:
      integrity: sha512-RVzTK62svYjnh+agJRh+NWfZX74iKwFNUX52cF7Mo4QPS6bKxP1o+8GacPUMND2QnodVp2D3nKJs8gLspSfZzA==
  /file-saver/2.0.2:
    dev: false
    resolution:
      integrity: sha512-Wz3c3XQ5xroCxd1G8b7yL0Ehkf0TC9oYC6buPFkNnU9EnaPlifeAFCyCh+iewXTyFRcg0a6j3J7FmJsIhlhBdw==
  /is-blob/2.1.0:
    dev: false
    engines:
      node: '>=6'
    resolution:
      integrity: sha512-SZ/fTft5eUhQM6oF/ZaASFDEdbFVe89Imltn9uZr03wdKMcWNVYSMjQPFtg05QuNkt5l5c135ElvXEQG0rk4tw==
  /preact-render-to-string/5.1.9_preact@10.4.4:
    dependencies:
      preact: 10.4.4
      pretty-format: 3.8.0
    dev: false
    peerDependencies:
      preact: '>=10'
    resolution:
      integrity: sha512-fuuZP/nBcsYvfI5Mjs8R0wVA8jPbnAsr/UQ5Y5/p9Qg4HAz9vSVJ03iejBVw4YGV8jkUCJv0++k4zwp6qjx2Kg==
  /preact/10.4.4:
    dev: false
    resolution:
      integrity: sha512-EaTJrerceyAPatQ+vfnadoopsMBZAOY7ak9ogVdUi5xbpR8SoHgtLryXnW+4mQOwt21icqoVR1brkU2dq7pEBA==
  /pretty-format/3.8.0:
    dev: false
    resolution:
      integrity: sha1-v77VbV6ad2ZF9LH/eqGjrE+jw4U=
specifiers:
  '@figma/plugin-typings': ^1.15.0
  '@types/file-saver': ^2.0.1
  compressorjs: ^1.0.6
  esbuild: ^0.5.3
  file-saver: ^2.0.2
  preact: ^10.4.4
  preact-render-to-string: ^5.1.9
